<?xml version="1.0" encoding="utf-8"?>
<Project ToolsVersion="4.0" xmlns="http://schemas.microsoft.com/developer/msbuild/2003">
  <ItemGroup>
    <Filter Include="Source Files">
      <UniqueIdentifier>{4FC737F1-C7A5-4376-A066-2A32D752A2FF}</UniqueIdentifier>
      <Extensions>cpp;c;cxx;def;odl;idl;hpj;bat;asm;asmx</Extensions>
    </Filter>
    <Filter Include="Header Files">
      <UniqueIdentifier>{93995380-89BD-4b04-88EB-625FBE52EBFB}</UniqueIdentifier>
      <Extensions>h;hpp;hxx;hm;inl;inc;xsd</Extensions>
    </Filter>
    <Filter Include="Resource Files">
      <UniqueIdentifier>{67DA6AB6-F800-4c08-8B7A-83BB121AAD01}</UniqueIdentifier>
      <Extensions>rc;ico;cur;bmp;dlg;rc2;rct;bin;rgs;gif;jpg;jpeg;jpe;resx</Extensions>
    </Filter>
    <Filter Include="DockingFeature">
      <UniqueIdentifier>{d39503bf-7f52-4bb0-a077-85f4abae6441}</UniqueIdentifier>
    </Filter>
  </ItemGroup>
  <ItemGroup>
    <ClCompile Include="PluginDefinition.cpp">
      <Filter>Source Files</Filter>
    </ClCompile>
    <ClCompile Include="NppPluginCF.cpp">
      <Filter>Source Files</Filter>
    </ClCompile>
    <ClCompile Include="DockingFeature\GoToLineDlg.cpp">
      <Filter>DockingFeature</Filter>
    </ClCompile>
    <ClCompile Include="DockingFeature\StaticDialog.cpp">
      <Filter>DockingFeature</Filter>
    </ClCompile>
  </ItemGroup>
  <ItemGroup>
    <ClInclude Include="menuCmdID.h">
      <Filter>Header Files</Filter>
    </ClInclude>
    <ClInclude Include="Notepad_plus_msgs.h">
      <Filter>Header Files</Filter>
    </ClInclude>
    <ClInclude Include="PluginDefinition.h">
      <Filter>Header Files</Filter>
    </ClInclude>
    <ClInclude Include="PluginInterface.h">
      <Filter>Header Files</Filter>
    </ClInclude>
    <ClInclude Include="DockingFeature\resource.h">
      <Filter>Header Files</Filter>
    </ClInclude>
    <ClInclude Include="Scintilla.h">
      <Filter>Header Files</Filter>
    </ClInclude>
    <ClInclude Include="SynLanguage.h">
      <Filter>Header Files</Filter>
    </ClInclude>
    <ClInclude Include="DockingFeature\Docking.h">
      <Filter>DockingFeature</Filter>
    </ClInclude>
    <ClInclude Include="DockingFeature\DockingDlgInterface.h">
      <Filter>DockingFeature</Filter>
    </ClInclude>
    <ClInclude Include="DockingFeature\dockingResource.h">
      <Filter>DockingFeature</Filter>
    </ClInclude>
    <ClInclude Include="DockingFeature\GoToLineDlg.h">
      <Filter>DockingFeature</Filter>
    </ClInclude>
    <ClInclude Include="DockingFeature\StaticDialog.h">
      <Filter>DockingFeature</Filter>
    </ClInclude>
    <ClInclude Include="DockingFeature\Window.h">
      <Filter>DockingFeature</Filter>
    </ClInclude>
    <ClInclude Include="StrUseful.h">
      <Filter>Header Files</Filter>
    </ClInclude>
  </ItemGroup>
  <ItemGroup>
    <ResourceCompile Include="DockingFeature\goLine.rc">
      <Filter>DockingFeature</Filter>
    </ResourceCompile>
  </ItemGroup>
</Project>