<?xml version="1.0" encoding="utf-8"?>
<Project ToolsVersion="4.0" xmlns="http://schemas.microsoft.com/developer/msbuild/2003">
  <ItemGroup>
    <Filter Include="源文件">
      <UniqueIdentifier>{4FC737F1-C7A5-4376-A066-2A32D752A2FF}</UniqueIdentifier>
      <Extensions>cpp;c;cc;cxx;def;odl;idl;hpj;bat;asm;asmx</Extensions>
    </Filter>
    <Filter Include="头文件">
      <UniqueIdentifier>{93995380-89BD-4b04-88EB-625FBE52EBFB}</UniqueIdentifier>
      <Extensions>h;hpp;hxx;hm;inl;inc;xsd</Extensions>
    </Filter>
    <Filter Include="资源文件">
      <UniqueIdentifier>{67DA6AB6-F800-4c08-8B7A-83BB121AAD01}</UniqueIdentifier>
      <Extensions>rc;ico;cur;bmp;dlg;rc2;rct;bin;rgs;gif;jpg;jpeg;jpe;resx;tiff;tif;png;wav</Extensions>
    </Filter>
  </ItemGroup>
  <ItemGroup>
    <ClCompile Include="json_reader.cpp">
      <Filter>源文件</Filter>
    </ClCompile>
    <ClCompile Include="json_value.cpp">
      <Filter>源文件</Filter>
    </ClCompile>
    <ClCompile Include="json_writer.cpp">
      <Filter>源文件</Filter>
    </ClCompile>
    <ClCompile Include="CFJsonTidy.cpp">
      <Filter>源文件</Filter>
    </ClCompile>
  </ItemGroup>
  <ItemGroup>
    <ClInclude Include="autolink.h">
      <Filter>头文件</Filter>
    </ClInclude>
    <ClInclude Include="config.h">
      <Filter>头文件</Filter>
    </ClInclude>
    <ClInclude Include="features.h">
      <Filter>头文件</Filter>
    </ClInclude>
    <ClInclude Include="forwards.h">
      <Filter>头文件</Filter>
    </ClInclude>
    <ClInclude Include="json.h">
      <Filter>头文件</Filter>
    </ClInclude>
    <ClInclude Include="json_batchallocator.h">
      <Filter>头文件</Filter>
    </ClInclude>
    <ClInclude Include="json_tool.h">
      <Filter>头文件</Filter>
    </ClInclude>
    <ClInclude Include="reader.h">
      <Filter>头文件</Filter>
    </ClInclude>
    <ClInclude Include="value.h">
      <Filter>头文件</Filter>
    </ClInclude>
    <ClInclude Include="writer.h">
      <Filter>头文件</Filter>
    </ClInclude>
    <ClInclude Include="CFJsonTidy.h">
      <Filter>头文件</Filter>
    </ClInclude>
  </ItemGroup>
  <ItemGroup>
    <None Include="json_valueiterator.inl">
      <Filter>头文件</Filter>
    </None>
  </ItemGroup>
  <ItemGroup>
    <Text Include="ReadMe.txt" />
  </ItemGroup>
</Project>