<?xml version="1.0" encoding="utf-8"?>
<Project ToolsVersion="4.0" xmlns="http://schemas.microsoft.com/developer/msbuild/2003">
  <ItemGroup>
    <Filter Include="源文件">
      <UniqueIdentifier>{4FC737F1-C7A5-4376-A066-2A32D752A2FF}</UniqueIdentifier>
      <Extensions>cpp;c;cc;cxx;def;odl;idl;hpj;bat;asm;asmx</Extensions>
    </Filter>
    <Filter Include="头文件">
      <UniqueIdentifier>{93995380-89BD-4b04-88EB-625FBE52EBFB}</UniqueIdentifier>
      <Extensions>h;hpp;hxx;hm;inl;inc;xsd</Extensions>
    </Filter>
    <Filter Include="资源文件">
      <UniqueIdentifier>{67DA6AB6-F800-4c08-8B7A-83BB121AAD01}</UniqueIdentifier>
      <Extensions>rc;ico;cur;bmp;dlg;rc2;rct;bin;rgs;gif;jpg;jpeg;jpe;resx;tiff;tif;png;wav</Extensions>
    </Filter>
  </ItemGroup>
  <ItemGroup>
    <ClCompile Include="background.cpp">
      <Filter>源文件</Filter>
    </ClCompile>
    <ClCompile Include="conversions.cpp">
      <Filter>源文件</Filter>
    </ClCompile>
    <ClCompile Include="cssopt.cpp">
      <Filter>源文件</Filter>
    </ClCompile>
    <ClCompile Include="csspp_globals.cpp">
      <Filter>源文件</Filter>
    </ClCompile>
    <ClCompile Include="csstidy.cpp">
      <Filter>源文件</Filter>
    </ClCompile>
    <ClCompile Include="important.cpp">
      <Filter>源文件</Filter>
    </ClCompile>
    <ClCompile Include="misc.cpp">
      <Filter>源文件</Filter>
    </ClCompile>
    <ClCompile Include="parse_css.cpp">
      <Filter>源文件</Filter>
    </ClCompile>
    <ClCompile Include="prepare.cpp">
      <Filter>源文件</Filter>
    </ClCompile>
    <ClCompile Include="print_css.cpp">
      <Filter>源文件</Filter>
    </ClCompile>
    <ClCompile Include="trim.cpp">
      <Filter>源文件</Filter>
    </ClCompile>
    <ClCompile Include="CFBaseTidy.cpp">
      <Filter>源文件</Filter>
    </ClCompile>
    <ClCompile Include="CFCssTidy.cpp">
      <Filter>源文件</Filter>
    </ClCompile>
  </ItemGroup>
  <ItemGroup>
    <ClInclude Include="background.hpp">
      <Filter>头文件</Filter>
    </ClInclude>
    <ClInclude Include="conversions.hpp">
      <Filter>头文件</Filter>
    </ClInclude>
    <ClInclude Include="cssopt.hpp">
      <Filter>头文件</Filter>
    </ClInclude>
    <ClInclude Include="csspp_globals.hpp">
      <Filter>头文件</Filter>
    </ClInclude>
    <ClInclude Include="csspp_private.h">
      <Filter>头文件</Filter>
    </ClInclude>
    <ClInclude Include="csstidy.hpp">
      <Filter>头文件</Filter>
    </ClInclude>
    <ClInclude Include="datastruct.hpp">
      <Filter>头文件</Filter>
    </ClInclude>
    <ClInclude Include="important.hpp">
      <Filter>头文件</Filter>
    </ClInclude>
    <ClInclude Include="misc.hpp">
      <Filter>头文件</Filter>
    </ClInclude>
    <ClInclude Include="parse_css.hpp">
      <Filter>头文件</Filter>
    </ClInclude>
    <ClInclude Include="prepare.hpp">
      <Filter>头文件</Filter>
    </ClInclude>
    <ClInclude Include="trim.hpp">
      <Filter>头文件</Filter>
    </ClInclude>
    <ClInclude Include="umap.hpp">
      <Filter>头文件</Filter>
    </ClInclude>
    <ClInclude Include="CFBaseTidy.h">
      <Filter>头文件</Filter>
    </ClInclude>
    <ClInclude Include="CFCssTidy.h">
      <Filter>头文件</Filter>
    </ClInclude>
  </ItemGroup>
  <ItemGroup>
    <Text Include="ReadMe.txt" />
  </ItemGroup>
</Project>