<?xml version="1.0" encoding="utf-8"?>
<Project ToolsVersion="4.0" xmlns="http://schemas.microsoft.com/developer/msbuild/2003">
  <ItemGroup>
    <Filter Include="源文件">
      <UniqueIdentifier>{4FC737F1-C7A5-4376-A066-2A32D752A2FF}</UniqueIdentifier>
      <Extensions>cpp;c;cc;cxx;def;odl;idl;hpj;bat;asm;asmx</Extensions>
    </Filter>
    <Filter Include="源文件\源码扩展">
      <UniqueIdentifier>{4cc05b91-ce76-447b-b50b-3f5fd775cac2}</UniqueIdentifier>
    </Filter>
    <Filter Include="源文件\主框架">
      <UniqueIdentifier>{d8e6e8e1-9c21-416c-bf0c-627f232b2466}</UniqueIdentifier>
    </Filter>
    <Filter Include="源文件\弹出对话框">
      <UniqueIdentifier>{82b487e2-46e9-4932-b4c9-f94afa0d568f}</UniqueIdentifier>
    </Filter>
    <Filter Include="源文件\自己实现">
      <UniqueIdentifier>{99c89816-6a73-4684-8ad9-60bc424b7098}</UniqueIdentifier>
    </Filter>
    <Filter Include="源文件\格式化设置">
      <UniqueIdentifier>{6574857c-a5a1-4c56-b064-ebfc3dcbd30b}</UniqueIdentifier>
    </Filter>
    <Filter Include="源文件\格式化核心">
      <UniqueIdentifier>{c203f75c-a8c6-45e8-ab2e-b7caf77f32f6}</UniqueIdentifier>
    </Filter>
    <Filter Include="源文件\格式化核心\Cpp">
      <UniqueIdentifier>{fecc1b65-94c4-4eb0-82e8-06d94fe1a50e}</UniqueIdentifier>
    </Filter>
    <Filter Include="源文件\格式化核心\Html">
      <UniqueIdentifier>{fc50dc95-4db0-43ea-bea2-cb4fe2727302}</UniqueIdentifier>
    </Filter>
    <Filter Include="头文件">
      <UniqueIdentifier>{93995380-89BD-4b04-88EB-625FBE52EBFB}</UniqueIdentifier>
      <Extensions>h;hpp;hxx;hm;inl;inc;xsd</Extensions>
    </Filter>
    <Filter Include="头文件\源码扩展">
      <UniqueIdentifier>{9c732204-f49c-46d9-98eb-182a4bd8f1bf}</UniqueIdentifier>
    </Filter>
    <Filter Include="头文件\主框架">
      <UniqueIdentifier>{c6e08111-b364-45f1-a392-14461f5ab2e1}</UniqueIdentifier>
    </Filter>
    <Filter Include="头文件\弹出对话框">
      <UniqueIdentifier>{05ef5176-21c8-4b2e-a9b0-28ad821fe177}</UniqueIdentifier>
    </Filter>
    <Filter Include="头文件\自己实现">
      <UniqueIdentifier>{e3bd6639-2e4e-4409-a13e-f104348c42f3}</UniqueIdentifier>
    </Filter>
    <Filter Include="头文件\格式化设置">
      <UniqueIdentifier>{9fe96ea8-e6ed-485d-b71e-ab15a109715d}</UniqueIdentifier>
    </Filter>
    <Filter Include="头文件\格式化核心">
      <UniqueIdentifier>{c7d3cd88-4df7-4039-9463-edafb39b34d9}</UniqueIdentifier>
    </Filter>
    <Filter Include="头文件\格式化核心\Cpp">
      <UniqueIdentifier>{697ccb0c-0d99-4e8d-9939-9a75e154dfc3}</UniqueIdentifier>
    </Filter>
    <Filter Include="头文件\格式化核心\Html">
      <UniqueIdentifier>{16ae1c5e-0c0c-4a5a-898b-54abf1e201bb}</UniqueIdentifier>
    </Filter>
    <Filter Include="头文件\格式化核心\PHP">
      <UniqueIdentifier>{c620e442-c5a5-4f2a-8020-2ee685749b45}</UniqueIdentifier>
    </Filter>
    <Filter Include="头文件\格式化核心\Js">
      <UniqueIdentifier>{7a814ad8-2042-417b-bf59-4323af54310b}</UniqueIdentifier>
    </Filter>
    <Filter Include="头文件\格式化核心\CSS">
      <UniqueIdentifier>{642eccc0-ece1-4bc6-932a-5464c4c5d7e8}</UniqueIdentifier>
    </Filter>
    <Filter Include="头文件\格式化核心\Json">
      <UniqueIdentifier>{9ce820c2-4b24-4aa9-b6b0-971f1b29f973}</UniqueIdentifier>
    </Filter>
    <Filter Include="头文件\格式化核心\SQL">
      <UniqueIdentifier>{c4342185-7c70-44ec-a93e-7fbe5f62a86d}</UniqueIdentifier>
    </Filter>
    <Filter Include="资源文件">
      <UniqueIdentifier>{67DA6AB6-F800-4c08-8B7A-83BB121AAD01}</UniqueIdentifier>
      <Extensions>rc;ico;cur;bmp;dlg;rc2;rct;bin;rgs;gif;jpg;jpeg;jpe;resx;tiff;tif;png;wav</Extensions>
    </Filter>
  </ItemGroup>
  <ItemGroup>
    <ClCompile Include="FormatterHelp.cpp">
      <Filter>源文件</Filter>
    </ClCompile>
    <ClCompile Include="GlobalTidy.cpp">
      <Filter>源文件</Filter>
    </ClCompile>
    <ClCompile Include="GlobalUtils.cpp">
      <Filter>源文件</Filter>
    </ClCompile>
    <ClCompile Include="stdafx.cpp">
      <Filter>源文件</Filter>
    </ClCompile>
    <ClCompile Include="KofBCGPFontComboBox.cpp">
      <Filter>源文件\源码扩展</Filter>
    </ClCompile>
    <ClCompile Include="KofBCGPListCtrl.cpp">
      <Filter>源文件\源码扩展</Filter>
    </ClCompile>
    <ClCompile Include="kofColorButton.cpp">
      <Filter>源文件\源码扩展</Filter>
    </ClCompile>
    <ClCompile Include="BCGEX\MyBCGPRibbonLabel.cpp">
      <Filter>源文件\源码扩展</Filter>
    </ClCompile>
    <ClCompile Include="ChildFrm.cpp">
      <Filter>源文件\主框架</Filter>
    </ClCompile>
    <ClCompile Include="CoolFormat3.cpp">
      <Filter>源文件\主框架</Filter>
    </ClCompile>
    <ClCompile Include="CoolFormat3Doc.cpp">
      <Filter>源文件\主框架</Filter>
    </ClCompile>
    <ClCompile Include="CoolFormat3View.cpp">
      <Filter>源文件\主框架</Filter>
    </ClCompile>
    <ClCompile Include="MainFrm.cpp">
      <Filter>源文件\主框架</Filter>
    </ClCompile>
    <ClCompile Include="OutputViewBar.cpp">
      <Filter>源文件\主框架</Filter>
    </ClCompile>
    <ClCompile Include="RegConfig.cpp">
      <Filter>源文件\主框架</Filter>
    </ClCompile>
    <ClCompile Include="SynBCGPEditCtrl.cpp">
      <Filter>源文件\主框架</Filter>
    </ClCompile>
    <ClCompile Include="SynBCGPEditView.cpp">
      <Filter>源文件\主框架</Filter>
    </ClCompile>
    <ClCompile Include="SynColorScheme.cpp">
      <Filter>源文件\主框架</Filter>
    </ClCompile>
    <ClCompile Include="SynExtension.cpp">
      <Filter>源文件\主框架</Filter>
    </ClCompile>
    <ClCompile Include="SynHtmlView.cpp">
      <Filter>源文件\主框架</Filter>
    </ClCompile>
    <ClCompile Include="SynLanguage.cpp">
      <Filter>源文件\主框架</Filter>
    </ClCompile>
    <ClCompile Include="SynStyle.cpp">
      <Filter>源文件\主框架</Filter>
    </ClCompile>
    <ClCompile Include="XmlOutlineParser.cpp">
      <Filter>源文件\主框架</Filter>
    </ClCompile>
    <ClCompile Include="BatchFormat.cpp">
      <Filter>源文件\弹出对话框</Filter>
    </ClCompile>
    <ClCompile Include="GotoLineDlg.cpp">
      <Filter>源文件\弹出对话框</Filter>
    </ClCompile>
    <ClCompile Include="LangExtDlg.cpp">
      <Filter>源文件\弹出对话框</Filter>
    </ClCompile>
    <ClCompile Include="LangExtEditDlg.cpp">
      <Filter>源文件\弹出对话框</Filter>
    </ClCompile>
    <ClCompile Include="BCGEX\OptionsPropSheet.cpp">
      <Filter>源文件\弹出对话框</Filter>
    </ClCompile>
    <ClCompile Include="PagePopular.cpp">
      <Filter>源文件\弹出对话框</Filter>
    </ClCompile>
    <ClCompile Include="PageResource.cpp">
      <Filter>源文件\弹出对话框</Filter>
    </ClCompile>
    <ClCompile Include="SetEditDlg.cpp">
      <Filter>源文件\弹出对话框</Filter>
    </ClCompile>
    <ClCompile Include="SetHtmlDlg.cpp">
      <Filter>源文件\弹出对话框</Filter>
    </ClCompile>
    <ClCompile Include="TellBug.cpp">
      <Filter>源文件\弹出对话框</Filter>
    </ClCompile>
    <ClCompile Include="KofFile.cpp">
      <Filter>源文件\自己实现</Filter>
    </ClCompile>
    <ClCompile Include="SetPageCpp.cpp">
      <Filter>源文件\格式化设置</Filter>
    </ClCompile>
    <ClCompile Include="SetPageCppFast.cpp">
      <Filter>源文件\格式化设置</Filter>
    </ClCompile>
    <ClCompile Include="SetPageCppHigh.cpp">
      <Filter>源文件\格式化设置</Filter>
    </ClCompile>
    <ClCompile Include="SetPageCSS.cpp">
      <Filter>源文件\格式化设置</Filter>
    </ClCompile>
    <ClCompile Include="SetPageHtml.cpp">
      <Filter>源文件\格式化设置</Filter>
    </ClCompile>
    <ClCompile Include="SetPageHtmlOne.cpp">
      <Filter>源文件\格式化设置</Filter>
    </ClCompile>
    <ClCompile Include="SetPageHtmlTwo.cpp">
      <Filter>源文件\格式化设置</Filter>
    </ClCompile>
    <ClCompile Include="SetPageJS.cpp">
      <Filter>源文件\格式化设置</Filter>
    </ClCompile>
    <ClCompile Include="SetPageJson.cpp">
      <Filter>源文件\格式化设置</Filter>
    </ClCompile>
    <ClCompile Include="SetPagePHP.cpp">
      <Filter>源文件\格式化设置</Filter>
    </ClCompile>
    <ClCompile Include="SetPageSql.cpp">
      <Filter>源文件\格式化设置</Filter>
    </ClCompile>
    <ClCompile Include="SetSheet.cpp">
      <Filter>源文件\格式化设置</Filter>
    </ClCompile>
    <ClCompile Include="Core\Cpp\AStyleInterface.cpp">
      <Filter>源文件\格式化核心\Cpp</Filter>
    </ClCompile>
    <ClCompile Include="Core\Html\HTidyInterface.cpp">
      <Filter>源文件\格式化核心\Html</Filter>
    </ClCompile>
  </ItemGroup>
  <ItemGroup>
    <ClInclude Include="res\bcgprores.h">
      <Filter>头文件</Filter>
    </ClInclude>
    <ClInclude Include="FormatterHelp.h">
      <Filter>头文件</Filter>
    </ClInclude>
    <ClInclude Include="GlobalTidy.h">
      <Filter>头文件</Filter>
    </ClInclude>
    <ClInclude Include="GlobalUtils.h">
      <Filter>头文件</Filter>
    </ClInclude>
    <ClInclude Include="Resource.h">
      <Filter>头文件</Filter>
    </ClInclude>
    <ClInclude Include="..\..\..\..\MyCode\VC界面库\BCGSoft\BCGControlBarPro\BCGCBPro\Styles\resource.h">
      <Filter>头文件</Filter>
    </ClInclude>
    <ClInclude Include="stdafx.h">
      <Filter>头文件</Filter>
    </ClInclude>
    <ClInclude Include="KofBCGPFontComboBox.h">
      <Filter>头文件\源码扩展</Filter>
    </ClInclude>
    <ClInclude Include="KofBCGPListCtrl.h">
      <Filter>头文件\源码扩展</Filter>
    </ClInclude>
    <ClInclude Include="kofColorButton.h">
      <Filter>头文件\源码扩展</Filter>
    </ClInclude>
    <ClInclude Include="BCGEX\MyBCGPRibbonLabel.h">
      <Filter>头文件\源码扩展</Filter>
    </ClInclude>
    <ClInclude Include="ChildFrm.h">
      <Filter>头文件\主框架</Filter>
    </ClInclude>
    <ClInclude Include="CoolFormat3.h">
      <Filter>头文件\主框架</Filter>
    </ClInclude>
    <ClInclude Include="CoolFormat3Doc.h">
      <Filter>头文件\主框架</Filter>
    </ClInclude>
    <ClInclude Include="CoolFormat3View.h">
      <Filter>头文件\主框架</Filter>
    </ClInclude>
    <ClInclude Include="MainFrm.h">
      <Filter>头文件\主框架</Filter>
    </ClInclude>
    <ClInclude Include="OutputViewBar.h">
      <Filter>头文件\主框架</Filter>
    </ClInclude>
    <ClInclude Include="RegConfig.h">
      <Filter>头文件\主框架</Filter>
    </ClInclude>
    <ClInclude Include="SynBCGPEditCtrl.h">
      <Filter>头文件\主框架</Filter>
    </ClInclude>
    <ClInclude Include="SynBCGPEditView.h">
      <Filter>头文件\主框架</Filter>
    </ClInclude>
    <ClInclude Include="SynColorScheme.h">
      <Filter>头文件\主框架</Filter>
    </ClInclude>
    <ClInclude Include="SynExtension.h">
      <Filter>头文件\主框架</Filter>
    </ClInclude>
    <ClInclude Include="SynHtmlView.h">
      <Filter>头文件\主框架</Filter>
    </ClInclude>
    <ClInclude Include="SynLanguage.h">
      <Filter>头文件\主框架</Filter>
    </ClInclude>
    <ClInclude Include="SynStyle.h">
      <Filter>头文件\主框架</Filter>
    </ClInclude>
    <ClInclude Include="XmlOutlineParser.h">
      <Filter>头文件\主框架</Filter>
    </ClInclude>
    <ClInclude Include="BatchFormat.h">
      <Filter>头文件\弹出对话框</Filter>
    </ClInclude>
    <ClInclude Include="GotoLineDlg.h">
      <Filter>头文件\弹出对话框</Filter>
    </ClInclude>
    <ClInclude Include="LangExtDlg.h">
      <Filter>头文件\弹出对话框</Filter>
    </ClInclude>
    <ClInclude Include="LangExtEditDlg.h">
      <Filter>头文件\弹出对话框</Filter>
    </ClInclude>
    <ClInclude Include="BCGEX\OptionsPropSheet.h">
      <Filter>头文件\弹出对话框</Filter>
    </ClInclude>
    <ClInclude Include="PagePopular.h">
      <Filter>头文件\弹出对话框</Filter>
    </ClInclude>
    <ClInclude Include="PageResource.h">
      <Filter>头文件\弹出对话框</Filter>
    </ClInclude>
    <ClInclude Include="SetEditDlg.h">
      <Filter>头文件\弹出对话框</Filter>
    </ClInclude>
    <ClInclude Include="SetHtmlDlg.h">
      <Filter>头文件\弹出对话框</Filter>
    </ClInclude>
    <ClInclude Include="TellBug.h">
      <Filter>头文件\弹出对话框</Filter>
    </ClInclude>
    <ClInclude Include="KofFile.h">
      <Filter>头文件\自己实现</Filter>
    </ClInclude>
    <ClInclude Include="SetPageCpp.h">
      <Filter>头文件\格式化设置</Filter>
    </ClInclude>
    <ClInclude Include="SetPageCppFast.h">
      <Filter>头文件\格式化设置</Filter>
    </ClInclude>
    <ClInclude Include="SetPageCppHigh.h">
      <Filter>头文件\格式化设置</Filter>
    </ClInclude>
    <ClInclude Include="SetPageCSS.h">
      <Filter>头文件\格式化设置</Filter>
    </ClInclude>
    <ClInclude Include="SetPageHtml.h">
      <Filter>头文件\格式化设置</Filter>
    </ClInclude>
    <ClInclude Include="SetPageHtmlOne.h">
      <Filter>头文件\格式化设置</Filter>
    </ClInclude>
    <ClInclude Include="SetPageHtmlTwo.h">
      <Filter>头文件\格式化设置</Filter>
    </ClInclude>
    <ClInclude Include="SetPageJS.h">
      <Filter>头文件\格式化设置</Filter>
    </ClInclude>
    <ClInclude Include="SetPageJson.h">
      <Filter>头文件\格式化设置</Filter>
    </ClInclude>
    <ClInclude Include="SetPagePHP.h">
      <Filter>头文件\格式化设置</Filter>
    </ClInclude>
    <ClInclude Include="SetPageSql.h">
      <Filter>头文件\格式化设置</Filter>
    </ClInclude>
    <ClInclude Include="SetSheet.h">
      <Filter>头文件\格式化设置</Filter>
    </ClInclude>
    <ClInclude Include="Core\Cpp\AStyleInterface.h">
      <Filter>头文件\格式化核心\Cpp</Filter>
    </ClInclude>
    <ClInclude Include="Core\Html\HTidyInterface.h">
      <Filter>头文件\格式化核心\Html</Filter>
    </ClInclude>
    <ClInclude Include="Core\PHP\PhpTidy.h">
      <Filter>头文件\格式化核心\PHP</Filter>
    </ClInclude>
    <ClInclude Include="Core\Js\JsTidy.h">
      <Filter>头文件\格式化核心\Js</Filter>
    </ClInclude>
    <ClInclude Include="Core\CSS\CssFormatter.h">
      <Filter>头文件\格式化核心\CSS</Filter>
    </ClInclude>
    <ClInclude Include="Core\Json\JsonTidy.h">
      <Filter>头文件\格式化核心\Json</Filter>
    </ClInclude>
    <ClInclude Include="Core\SQL\SqlTidy.h">
      <Filter>头文件\格式化核心\SQL</Filter>
    </ClInclude>
  </ItemGroup>
  <ItemGroup>
    <Image Include="res\aboutmain.bmp">
      <Filter>资源文件</Filter>
    </Image>
    <Image Include="res\CoolFormat3.ico">
      <Filter>资源文件</Filter>
    </Image>
    <Image Include="res\CoolFormat3Doc.ico">
      <Filter>资源文件</Filter>
    </Image>
    <Image Include="res\Document.ico">
      <Filter>资源文件</Filter>
    </Image>
    <Image Include="res\menuimages.bmp">
      <Filter>资源文件</Filter>
    </Image>
    <Image Include="res\menuimages_hc.png">
      <Filter>资源文件</Filter>
    </Image>
    <Image Include="res\options.png">
      <Filter>资源文件</Filter>
    </Image>
    <Image Include="res\output_bar_hc.ico">
      <Filter>资源文件</Filter>
    </Image>
    <Image Include="res\ribbonfilelarge.bmp">
      <Filter>资源文件</Filter>
    </Image>
    <Image Include="res\ribbonfilesmall.bmp">
      <Filter>资源文件</Filter>
    </Image>
    <Image Include="res\ribbonhomelarge.bmp">
      <Filter>资源文件</Filter>
    </Image>
    <Image Include="res\ribbonhomesmall.bmp">
      <Filter>资源文件</Filter>
    </Image>
    <Image Include="res\ribbonicons.bmp">
      <Filter>资源文件</Filter>
    </Image>
    <Image Include="res\ribbonmain.bmp">
      <Filter>资源文件</Filter>
    </Image>
  </ItemGroup>
  <ItemGroup>
    <ResourceCompile Include="..\..\..\..\MyCode\VC界面库\BCGSoft\BCGControlBarPro\BCGCBPro\Styles\BCGPStyle2010Black.rc">
      <Filter>资源文件</Filter>
    </ResourceCompile>
    <ResourceCompile Include="..\..\..\..\MyCode\VC界面库\BCGSoft\BCGControlBarPro\BCGCBPro\Styles\BCGPStyle2010Blue.rc">
      <Filter>资源文件</Filter>
    </ResourceCompile>
    <ResourceCompile Include="..\..\..\..\MyCode\VC界面库\BCGSoft\BCGControlBarPro\BCGCBPro\Styles\BCGPStyle2010White.rc">
      <Filter>资源文件</Filter>
    </ResourceCompile>
    <ResourceCompile Include="CoolFormat3.rc">
      <Filter>资源文件</Filter>
    </ResourceCompile>
  </ItemGroup>
  <ItemGroup>
    <None Include="res\CoolFormat3.rc2">
      <Filter>资源文件</Filter>
    </None>
  </ItemGroup>
  <ItemGroup>
    <Text Include="ReadMe.txt" />
  </ItemGroup>
</Project>